
Microsoft Visual Studio Solution File, Format Version 12.00
# Visual Studio Version 17
VisualStudioVersion = 17.11.35312.102
MinimumVisualStudioVersion = 10.0.40219.1
Project("{9A19103F-16F7-4668-BE54-9A1E7A4F7556}") = "Tableaux", "Tableaux\Tableaux.csproj", "{DDFBED98-838D-4678-B1AF-8C5AE9D9A3D4}"
EndProject
Project("{9A19103F-16F7-4668-BE54-9A1E7A4F7556}") = "Tableaux.Desktop", "Tableaux.Desktop\Tableaux.Desktop.csproj", "{8F9D239D-6F91-40CA-BB41-B9E7F70084B0}"
EndProject
Global
	GlobalSection(SolutionConfigurationPlatforms) = preSolution
		Debug|Any CPU = Debug|Any CPU
		Release|Any CPU = Release|Any CPU
	EndGlobalSection
	GlobalSection(ProjectConfigurationPlatforms) = postSolution
		{DDFBED98-838D-4678-B1AF-8C5AE9D9A3D4}.Debug|Any CPU.ActiveCfg = Debug|Any CPU
		{DDFBED98-838D-4678-B1AF-8C5AE9D9A3D4}.Debug|Any CPU.Build.0 = Debug|Any CPU
		{DDFBED98-838D-4678-B1AF-8C5AE9D9A3D4}.Release|Any CPU.ActiveCfg = Release|Any CPU
		{DDFBED98-838D-4678-B1AF-8C5AE9D9A3D4}.Release|Any CPU.Build.0 = Release|Any CPU
		{8F9D239D-6F91-40CA-BB41-B9E7F70084B0}.Debug|Any CPU.ActiveCfg = Debug|Any CPU
		{8F9D239D-6F91-40CA-BB41-B9E7F70084B0}.Debug|Any CPU.Build.0 = Debug|Any CPU
		{8F9D239D-6F91-40CA-BB41-B9E7F70084B0}.Release|Any CPU.ActiveCfg = Release|Any CPU
		{8F9D239D-6F91-40CA-BB41-B9E7F70084B0}.Release|Any CPU.Build.0 = Release|Any CPU
	EndGlobalSection
	GlobalSection(SolutionProperties) = preSolution
		HideSolutionNode = FALSE
	EndGlobalSection
	GlobalSection(ExtensibilityGlobals) = postSolution
		SolutionGuid = {53CA809A-F8B0-4BBF-A0B1-ED0019888445}
	EndGlobalSection
EndGlobal
